// !$*UTF8*$!
{
	archiveVersion = 1;
	classes = {
	};
	objectVersion = 56;
	objects = {

/* Begin PBXBuildFile section */
		704C5C86293C009B00C2F3F9 /* Buttons.swift in Sources */ = {isa = PBXBuildFile; fileRef = 704C5C85293C009B00C2F3F9 /* Buttons.swift */; };
		70576429291322B7006555E2 /* ProfileView.swift in Sources */ = {isa = PBXBuildFile; fileRef = 70576428291322B7006555E2 /* ProfileView.swift */; };
		705B6A55291E88A500C5FB63 /* AuthFlowCoordinator.swift in Sources */ = {isa = PBXBuildFile; fileRef = 705B6A54291E88A500C5FB63 /* AuthFlowCoordinator.swift */; };
		705B6A57291E8AAF00C5FB63 /* AppCoordinator.swift in Sources */ = {isa = PBXBuildFile; fileRef = 705B6A56291E8AAF00C5FB63 /* AppCoordinator.swift */; };
		705B6A5E291EA96800C5FB63 /* ProfileBuilder.swift in Sources */ = {isa = PBXBuildFile; fileRef = 705B6A5D291EA96800C5FB63 /* ProfileBuilder.swift */; };
		7080CD25291EAB1A00F1BBA0 /* ProfileRouter.swift in Sources */ = {isa = PBXBuildFile; fileRef = 7080CD24291EAB1A00F1BBA0 /* ProfileRouter.swift */; };
		7080CD27291EAD3600F1BBA0 /* ProfileProtocols.swift in Sources */ = {isa = PBXBuildFile; fileRef = 7080CD26291EAD3600F1BBA0 /* ProfileProtocols.swift */; };
		7080CD29291EAE4800F1BBA0 /* ProfileViewController.swift in Sources */ = {isa = PBXBuildFile; fileRef = 7080CD28291EAE4800F1BBA0 /* ProfileViewController.swift */; };
		708CF77A291C4A3F0036AEA2 /* Localizable.strings in Resources */ = {isa = PBXBuildFile; fileRef = 708CF77C291C4A3F0036AEA2 /* Localizable.strings */; };
		708CF780291C550A0036AEA2 /* SFSafeSymbols in Frameworks */ = {isa = PBXBuildFile; productRef = 708CF77F291C550A0036AEA2 /* SFSafeSymbols */; };
		708E76CB29005E4A00D23E70 /* AppDelegate.swift in Sources */ = {isa = PBXBuildFile; fileRef = 708E76CA29005E4A00D23E70 /* AppDelegate.swift */; };
		708E76CD29005E4A00D23E70 /* SceneDelegate.swift in Sources */ = {isa = PBXBuildFile; fileRef = 708E76CC29005E4A00D23E70 /* SceneDelegate.swift */; };
		708E76D429005E4D00D23E70 /* Assets.xcassets in Resources */ = {isa = PBXBuildFile; fileRef = 708E76D329005E4D00D23E70 /* Assets.xcassets */; };
		708E76D729005E4D00D23E70 /* LaunchScreen.storyboard in Resources */ = {isa = PBXBuildFile; fileRef = 708E76D529005E4D00D23E70 /* LaunchScreen.storyboard */; };
		7092B97A291C295E000D8D3C /* ProfilePresenter.swift in Sources */ = {isa = PBXBuildFile; fileRef = 7092B979291C295E000D8D3C /* ProfilePresenter.swift */; };
		7092B982291C29C3000D8D3C /* MainMenuView.swift in Sources */ = {isa = PBXBuildFile; fileRef = 7092B981291C29C3000D8D3C /* MainMenuView.swift */; };
		7092B984291C29CF000D8D3C /* MainMenuPresenter.swift in Sources */ = {isa = PBXBuildFile; fileRef = 7092B983291C29CF000D8D3C /* MainMenuPresenter.swift */; };
		7092B98C291C2A3F000D8D3C /* SchedulePresenter.swift in Sources */ = {isa = PBXBuildFile; fileRef = 7092B98B291C2A3F000D8D3C /* SchedulePresenter.swift */; };
		7092B98F291C2A4E000D8D3C /* ScheduleView.swift in Sources */ = {isa = PBXBuildFile; fileRef = 7092B98E291C2A4E000D8D3C /* ScheduleView.swift */; };
		7092B997291C2AA1000D8D3C /* TrainingPresenter.swift in Sources */ = {isa = PBXBuildFile; fileRef = 7092B996291C2AA1000D8D3C /* TrainingPresenter.swift */; };
		7092B999291C2AAD000D8D3C /* TrainingView.swift in Sources */ = {isa = PBXBuildFile; fileRef = 7092B998291C2AAD000D8D3C /* TrainingView.swift */; };
		7092B99B291C2ABB000D8D3C /* TrainingModel.swift in Sources */ = {isa = PBXBuildFile; fileRef = 7092B99A291C2ABB000D8D3C /* TrainingModel.swift */; };
		70B0553829350A7C00ED3A54 /* RswiftLibrary in Frameworks */ = {isa = PBXBuildFile; productRef = 70B0553729350A7C00ED3A54 /* RswiftLibrary */; };
		70F653AF2915F3DC0024EA1D /* SnapKit in Frameworks */ = {isa = PBXBuildFile; productRef = 70F653AE2915F3DC0024EA1D /* SnapKit */; };
		70F83A5F291E81F90087CC01 /* MainFlowCoordinator.swift in Sources */ = {isa = PBXBuildFile; fileRef = 70F83A5E291E81F90087CC01 /* MainFlowCoordinator.swift */; };
		70F83A61291E82540087CC01 /* CoordinatorsProtocols.swift in Sources */ = {isa = PBXBuildFile; fileRef = 70F83A60291E82540087CC01 /* CoordinatorsProtocols.swift */; };
		85B8305C6248A0399B265E23 /* AuthView.swift in Sources */ = {isa = PBXBuildFile; fileRef = 85B83D4EE826791C198073B3 /* AuthView.swift */; };
		85B83120D81ED6CF7BC7D346 /* MainMenuProtocols.swift in Sources */ = {isa = PBXBuildFile; fileRef = 85B83B0CFE5CA83E7B9CE1A5 /* MainMenuProtocols.swift */; };
		85B83127233AA4E86C242039 /* PlaceModel.swift in Sources */ = {isa = PBXBuildFile; fileRef = 85B8317AE5C7A6D62DD2E851 /* PlaceModel.swift */; };
		85B8312CA7218D7D94B49CEB /* DetailProfilePresenter.swift in Sources */ = {isa = PBXBuildFile; fileRef = 85B8345E1551B82C7186FF92 /* DetailProfilePresenter.swift */; };
		85B83265EDD7A1E19D518030 /* DetailProfileProtocols.swift in Sources */ = {isa = PBXBuildFile; fileRef = 85B838F954DA1BB8269090B0 /* DetailProfileProtocols.swift */; };
		85B8329B1EB39F69A8E19F20 /* AuthService.swift in Sources */ = {isa = PBXBuildFile; fileRef = 85B83E1B88F49483B12F7EBE /* AuthService.swift */; };
		85B832E5339371DA5DF4F6D6 /* MainMenuRouter.swift in Sources */ = {isa = PBXBuildFile; fileRef = 85B83E79944CC6FC0DD1ABD4 /* MainMenuRouter.swift */; };
		85B8334C8BEDC377F353EC5F /* LessonCell.swift in Sources */ = {isa = PBXBuildFile; fileRef = 85B83C19A91E260FC4CD8C24 /* LessonCell.swift */; };
		85B8340A6249C59EECDB1F28 /* DetailProfileViewController.swift in Sources */ = {isa = PBXBuildFile; fileRef = 85B83211E2D6C9AD39BCAD20 /* DetailProfileViewController.swift */; };
		85B8340EF1048C7E38742933 /* DetailProfileBuilder.swift in Sources */ = {isa = PBXBuildFile; fileRef = 85B83EC9B9DC0C1F5A260470 /* DetailProfileBuilder.swift */; };
		85B834F5652EA57FD638E0DC /* ScheduleModel.swift in Sources */ = {isa = PBXBuildFile; fileRef = 85B833C12362EDF7756DE07F /* ScheduleModel.swift */; };
		85B83540A1DC1F4722627DCA /* MainMenuBuilder.swift in Sources */ = {isa = PBXBuildFile; fileRef = 85B83A48E253D5BBB51C5B6F /* MainMenuBuilder.swift */; };
		85B835D5F7E5BB48E9C0FB1F /* LessonModel.swift in Sources */ = {isa = PBXBuildFile; fileRef = 85B83022711B66DCBEFBC923 /* LessonModel.swift */; };
		85B83625C3779268CC1818C3 /* DetailProfileView.swift in Sources */ = {isa = PBXBuildFile; fileRef = 85B83A2ECBF4266C824A8652 /* DetailProfileView.swift */; };
		85B83689DFB54D776526C9AD /* LessonsDayModel.swift in Sources */ = {isa = PBXBuildFile; fileRef = 85B8334F3F7D4635DA27DACA /* LessonsDayModel.swift */; };
		85B836C71BE4E27C54B1D5BE /* DetailProfileCoordinator.swift in Sources */ = {isa = PBXBuildFile; fileRef = 85B8382BFD6E0E0DB86602F2 /* DetailProfileCoordinator.swift */; };
		85B8372335764421894C7775 /* ScheduleService.swift in Sources */ = {isa = PBXBuildFile; fileRef = 85B83FC129B162DFBC1778BA /* ScheduleService.swift */; };
		85B838E40181A4047A9F3EB4 /* SubjectModel.swift in Sources */ = {isa = PBXBuildFile; fileRef = 85B83C27376C7E5777A507A8 /* SubjectModel.swift */; };
		85B83A04C81701B7B43EEA1A /* DetailProfileModel.swift in Sources */ = {isa = PBXBuildFile; fileRef = 85B83223529F87099EB53A2E /* DetailProfileModel.swift */; };
		85B83AC2B7B0FA2A01AAEDD4 /* MainMenuViewController.swift in Sources */ = {isa = PBXBuildFile; fileRef = 85B83F830343FB8E99B3C072 /* MainMenuViewController.swift */; };
		85B83C6EF1906EDAD3E911B1 /* UserModel.swift in Sources */ = {isa = PBXBuildFile; fileRef = 85B83B97B7F8D375FF4D4968 /* UserModel.swift */; };
		85B83C8D5405F29AF8C9B5FD /* GroupModel.swift in Sources */ = {isa = PBXBuildFile; fileRef = 85B830CF88BB50EDDC925ED5 /* GroupModel.swift */; };
		85B83CAA431356245705BAFD /* TeacherModel.swift in Sources */ = {isa = PBXBuildFile; fileRef = 85B832FE9A620E030CA8BB0D /* TeacherModel.swift */; };
		85B83D7D168C76D3DC5C699E /* .gitignore in Resources */ = {isa = PBXBuildFile; fileRef = 85B83B1056CFCF2D1E3ED5A5 /* .gitignore */; };
		85B83EAB374127AB909A90C0 /* Fields.swift in Sources */ = {isa = PBXBuildFile; fileRef = 85B83921D0F4975C63B494B6 /* Fields.swift */; };
		85B83F670357DC40F44BBFAC /* Router.swift in Sources */ = {isa = PBXBuildFile; fileRef = 85B8378FD3C7A96626638BFC /* Router.swift */; };
/* End PBXBuildFile section */

/* Begin PBXFileReference section */
		70198EBA2926976700B45C3A /* Graal-BMSTU.entitlements */ = {isa = PBXFileReference; lastKnownFileType = text.plist.entitlements; path = "Graal-BMSTU.entitlements"; sourceTree = "<group>"; };
		704C5C85293C009B00C2F3F9 /* Buttons.swift */ = {isa = PBXFileReference; lastKnownFileType = sourcecode.swift; path = Buttons.swift; sourceTree = "<group>"; };
		70576428291322B7006555E2 /* ProfileView.swift */ = {isa = PBXFileReference; lastKnownFileType = sourcecode.swift; path = ProfileView.swift; sourceTree = "<group>"; };
		705B6A54291E88A500C5FB63 /* AuthFlowCoordinator.swift */ = {isa = PBXFileReference; lastKnownFileType = sourcecode.swift; path = AuthFlowCoordinator.swift; sourceTree = "<group>"; };
		705B6A56291E8AAF00C5FB63 /* AppCoordinator.swift */ = {isa = PBXFileReference; lastKnownFileType = sourcecode.swift; path = AppCoordinator.swift; sourceTree = "<group>"; };
		705B6A58291E8D7200C5FB63 /* Codestyle.md */ = {isa = PBXFileReference; lastKnownFileType = net.daringfireball.markdown; path = Codestyle.md; sourceTree = "<group>"; };
		705B6A5D291EA96800C5FB63 /* ProfileBuilder.swift */ = {isa = PBXFileReference; lastKnownFileType = sourcecode.swift; path = ProfileBuilder.swift; sourceTree = "<group>"; };
		7080CD24291EAB1A00F1BBA0 /* ProfileRouter.swift */ = {isa = PBXFileReference; lastKnownFileType = sourcecode.swift; path = ProfileRouter.swift; sourceTree = "<group>"; };
		7080CD26291EAD3600F1BBA0 /* ProfileProtocols.swift */ = {isa = PBXFileReference; lastKnownFileType = sourcecode.swift; path = ProfileProtocols.swift; sourceTree = "<group>"; };
		7080CD28291EAE4800F1BBA0 /* ProfileViewController.swift */ = {isa = PBXFileReference; lastKnownFileType = sourcecode.swift; path = ProfileViewController.swift; sourceTree = "<group>"; };
		708CF77B291C4A3F0036AEA2 /* en */ = {isa = PBXFileReference; lastKnownFileType = text.plist.strings; name = en; path = en.lproj/Localizable.strings; sourceTree = "<group>"; };
		708CF77D291C4A500036AEA2 /* ru */ = {isa = PBXFileReference; lastKnownFileType = text.plist.strings; name = ru; path = ru.lproj/Localizable.strings; sourceTree = "<group>"; };
		708E76C729005E4A00D23E70 /* Graal-BMSTU.app */ = {isa = PBXFileReference; explicitFileType = wrapper.application; includeInIndex = 0; path = "Graal-BMSTU.app"; sourceTree = BUILT_PRODUCTS_DIR; };
		708E76CA29005E4A00D23E70 /* AppDelegate.swift */ = {isa = PBXFileReference; lastKnownFileType = sourcecode.swift; path = AppDelegate.swift; sourceTree = "<group>"; };
		708E76CC29005E4A00D23E70 /* SceneDelegate.swift */ = {isa = PBXFileReference; lastKnownFileType = sourcecode.swift; path = SceneDelegate.swift; sourceTree = "<group>"; };
		708E76D329005E4D00D23E70 /* Assets.xcassets */ = {isa = PBXFileReference; lastKnownFileType = folder.assetcatalog; path = Assets.xcassets; sourceTree = "<group>"; };
		708E76D629005E4D00D23E70 /* Base */ = {isa = PBXFileReference; lastKnownFileType = file.storyboard; name = Base; path = Base.lproj/LaunchScreen.storyboard; sourceTree = "<group>"; };
		708E76D829005E4D00D23E70 /* Info.plist */ = {isa = PBXFileReference; lastKnownFileType = text.plist.xml; path = Info.plist; sourceTree = "<group>"; };
		7092B979291C295E000D8D3C /* ProfilePresenter.swift */ = {isa = PBXFileReference; lastKnownFileType = sourcecode.swift; path = ProfilePresenter.swift; sourceTree = "<group>"; };
		7092B981291C29C3000D8D3C /* MainMenuView.swift */ = {isa = PBXFileReference; lastKnownFileType = sourcecode.swift; path = MainMenuView.swift; sourceTree = "<group>"; };
		7092B983291C29CF000D8D3C /* MainMenuPresenter.swift */ = {isa = PBXFileReference; lastKnownFileType = sourcecode.swift; path = MainMenuPresenter.swift; sourceTree = "<group>"; };
		7092B98B291C2A3F000D8D3C /* SchedulePresenter.swift */ = {isa = PBXFileReference; lastKnownFileType = sourcecode.swift; path = SchedulePresenter.swift; sourceTree = "<group>"; };
		7092B98E291C2A4E000D8D3C /* ScheduleView.swift */ = {isa = PBXFileReference; lastKnownFileType = sourcecode.swift; path = ScheduleView.swift; sourceTree = "<group>"; };
		7092B996291C2AA1000D8D3C /* TrainingPresenter.swift */ = {isa = PBXFileReference; lastKnownFileType = sourcecode.swift; path = TrainingPresenter.swift; sourceTree = "<group>"; };
		7092B998291C2AAD000D8D3C /* TrainingView.swift */ = {isa = PBXFileReference; lastKnownFileType = sourcecode.swift; path = TrainingView.swift; sourceTree = "<group>"; };
		7092B99A291C2ABB000D8D3C /* TrainingModel.swift */ = {isa = PBXFileReference; lastKnownFileType = sourcecode.swift; path = TrainingModel.swift; sourceTree = "<group>"; };
		70F83A5E291E81F90087CC01 /* MainFlowCoordinator.swift */ = {isa = PBXFileReference; lastKnownFileType = sourcecode.swift; path = MainFlowCoordinator.swift; sourceTree = "<group>"; };
		70F83A60291E82540087CC01 /* CoordinatorsProtocols.swift */ = {isa = PBXFileReference; lastKnownFileType = sourcecode.swift; path = CoordinatorsProtocols.swift; sourceTree = "<group>"; };
		85B83022711B66DCBEFBC923 /* LessonModel.swift */ = {isa = PBXFileReference; fileEncoding = 4; lastKnownFileType = sourcecode.swift; name = LessonModel.swift; path = Models/LessonModel.swift; sourceTree = "<group>"; };
		85B830CF88BB50EDDC925ED5 /* GroupModel.swift */ = {isa = PBXFileReference; fileEncoding = 4; lastKnownFileType = sourcecode.swift; name = GroupModel.swift; path = Models/GroupModel.swift; sourceTree = "<group>"; };
		85B8317AE5C7A6D62DD2E851 /* PlaceModel.swift */ = {isa = PBXFileReference; fileEncoding = 4; lastKnownFileType = sourcecode.swift; name = PlaceModel.swift; path = Models/PlaceModel.swift; sourceTree = "<group>"; };
		85B83211E2D6C9AD39BCAD20 /* DetailProfileViewController.swift */ = {isa = PBXFileReference; fileEncoding = 4; lastKnownFileType = sourcecode.swift; path = DetailProfileViewController.swift; sourceTree = "<group>"; };
		85B83223529F87099EB53A2E /* DetailProfileModel.swift */ = {isa = PBXFileReference; fileEncoding = 4; lastKnownFileType = sourcecode.swift; path = DetailProfileModel.swift; sourceTree = "<group>"; };
		85B832FE9A620E030CA8BB0D /* TeacherModel.swift */ = {isa = PBXFileReference; fileEncoding = 4; lastKnownFileType = sourcecode.swift; name = TeacherModel.swift; path = Models/TeacherModel.swift; sourceTree = "<group>"; };
		85B8334F3F7D4635DA27DACA /* LessonsDayModel.swift */ = {isa = PBXFileReference; fileEncoding = 4; lastKnownFileType = sourcecode.swift; name = LessonsDayModel.swift; path = Models/LessonsDayModel.swift; sourceTree = "<group>"; };
		85B833C12362EDF7756DE07F /* ScheduleModel.swift */ = {isa = PBXFileReference; fileEncoding = 4; lastKnownFileType = sourcecode.swift; name = ScheduleModel.swift; path = Models/ScheduleModel.swift; sourceTree = "<group>"; };
		85B8345E1551B82C7186FF92 /* DetailProfilePresenter.swift */ = {isa = PBXFileReference; fileEncoding = 4; lastKnownFileType = sourcecode.swift; path = DetailProfilePresenter.swift; sourceTree = "<group>"; };
		85B8378FD3C7A96626638BFC /* Router.swift */ = {isa = PBXFileReference; fileEncoding = 4; lastKnownFileType = sourcecode.swift; path = Router.swift; sourceTree = "<group>"; };
		85B8382BFD6E0E0DB86602F2 /* DetailProfileCoordinator.swift */ = {isa = PBXFileReference; fileEncoding = 4; lastKnownFileType = sourcecode.swift; path = DetailProfileCoordinator.swift; sourceTree = "<group>"; };
		85B838F954DA1BB8269090B0 /* DetailProfileProtocols.swift */ = {isa = PBXFileReference; fileEncoding = 4; lastKnownFileType = sourcecode.swift; path = DetailProfileProtocols.swift; sourceTree = "<group>"; };
		85B83921D0F4975C63B494B6 /* Fields.swift */ = {isa = PBXFileReference; fileEncoding = 4; lastKnownFileType = sourcecode.swift; path = Fields.swift; sourceTree = "<group>"; };
		85B83A2ECBF4266C824A8652 /* DetailProfileView.swift */ = {isa = PBXFileReference; fileEncoding = 4; lastKnownFileType = sourcecode.swift; path = DetailProfileView.swift; sourceTree = "<group>"; };
		85B83A48E253D5BBB51C5B6F /* MainMenuBuilder.swift */ = {isa = PBXFileReference; fileEncoding = 4; lastKnownFileType = sourcecode.swift; path = MainMenuBuilder.swift; sourceTree = "<group>"; };
		85B83B0CFE5CA83E7B9CE1A5 /* MainMenuProtocols.swift */ = {isa = PBXFileReference; fileEncoding = 4; lastKnownFileType = sourcecode.swift; path = MainMenuProtocols.swift; sourceTree = "<group>"; };
		85B83B1056CFCF2D1E3ED5A5 /* .gitignore */ = {isa = PBXFileReference; lastKnownFileType = file.gitignore; path = .gitignore; sourceTree = "<group>"; };
		85B83B97B7F8D375FF4D4968 /* UserModel.swift */ = {isa = PBXFileReference; fileEncoding = 4; lastKnownFileType = sourcecode.swift; name = UserModel.swift; path = Models/UserModel.swift; sourceTree = "<group>"; };
		85B83C19A91E260FC4CD8C24 /* LessonCell.swift */ = {isa = PBXFileReference; fileEncoding = 4; lastKnownFileType = sourcecode.swift; path = LessonCell.swift; sourceTree = "<group>"; };
		85B83C27376C7E5777A507A8 /* SubjectModel.swift */ = {isa = PBXFileReference; fileEncoding = 4; lastKnownFileType = sourcecode.swift; name = SubjectModel.swift; path = Models/SubjectModel.swift; sourceTree = "<group>"; };
		85B83D4EE826791C198073B3 /* AuthView.swift */ = {isa = PBXFileReference; fileEncoding = 4; lastKnownFileType = sourcecode.swift; path = AuthView.swift; sourceTree = "<group>"; };
		85B83E1B88F49483B12F7EBE /* AuthService.swift */ = {isa = PBXFileReference; fileEncoding = 4; lastKnownFileType = sourcecode.swift; name = AuthService.swift; path = Services/AuthService.swift; sourceTree = "<group>"; };
		85B83E79944CC6FC0DD1ABD4 /* MainMenuRouter.swift */ = {isa = PBXFileReference; fileEncoding = 4; lastKnownFileType = sourcecode.swift; path = MainMenuRouter.swift; sourceTree = "<group>"; };
		85B83EC9B9DC0C1F5A260470 /* DetailProfileBuilder.swift */ = {isa = PBXFileReference; fileEncoding = 4; lastKnownFileType = sourcecode.swift; path = DetailProfileBuilder.swift; sourceTree = "<group>"; };
		85B83F830343FB8E99B3C072 /* MainMenuViewController.swift */ = {isa = PBXFileReference; fileEncoding = 4; lastKnownFileType = sourcecode.swift; path = MainMenuViewController.swift; sourceTree = "<group>"; };
		85B83FC129B162DFBC1778BA /* ScheduleService.swift */ = {isa = PBXFileReference; fileEncoding = 4; lastKnownFileType = sourcecode.swift; name = ScheduleService.swift; path = Services/ScheduleService.swift; sourceTree = "<group>"; };
/* End PBXFileReference section */

/* Begin PBXFrameworksBuildPhase section */
		708E76C429005E4A00D23E70 /* Frameworks */ = {
			isa = PBXFrameworksBuildPhase;
			buildActionMask = 2147483647;
			files = (
				708CF780291C550A0036AEA2 /* SFSafeSymbols in Frameworks */,
				70F653AF2915F3DC0024EA1D /* SnapKit in Frameworks */,
				70B0553829350A7C00ED3A54 /* RswiftLibrary in Frameworks */,
			);
			runOnlyForDeploymentPostprocessing = 0;
		};
/* End PBXFrameworksBuildPhase section */

/* Begin PBXGroup section */
		7057642029131E9C006555E2 /* BaseComponents */ = {
			isa = PBXGroup;
			children = (
				704C5C85293C009B00C2F3F9 /* Buttons.swift */,
				85B83921D0F4975C63B494B6 /* Fields.swift */,
				85B83C19A91E260FC4CD8C24 /* LessonCell.swift */,
				85B8378FD3C7A96626638BFC /* Router.swift */,
			);
			path = BaseComponents;
			sourceTree = "<group>";
		};
		705B6A59291E90CF00C5FB63 /* Localize */ = {
			isa = PBXGroup;
			children = (
				708CF77C291C4A3F0036AEA2 /* Localizable.strings */,
			);
			path = Localize;
			sourceTree = "<group>";
		};
		705B6A5A291E944C00C5FB63 /* Resources */ = {
			isa = PBXGroup;
			children = (
				708E76D329005E4D00D23E70 /* Assets.xcassets */,
				708E76D529005E4D00D23E70 /* LaunchScreen.storyboard */,
			);
			path = Resources;
			sourceTree = "<group>";
		};
		705B6A5B291E946A00C5FB63 /* Delegates */ = {
			isa = PBXGroup;
			children = (
				708E76CA29005E4A00D23E70 /* AppDelegate.swift */,
				708E76CC29005E4A00D23E70 /* SceneDelegate.swift */,
			);
			path = Delegates;
			sourceTree = "<group>";
		};
		708E76BE29005E4A00D23E70 = {
			isa = PBXGroup;
			children = (
				705B6A59291E90CF00C5FB63 /* Localize */,
				708E76C929005E4A00D23E70 /* Graal-BMSTU */,
				708E76C829005E4A00D23E70 /* Products */,
				85B83B1056CFCF2D1E3ED5A5 /* .gitignore */,
			);
			sourceTree = "<group>";
		};
		708E76C829005E4A00D23E70 /* Products */ = {
			isa = PBXGroup;
			children = (
				708E76C729005E4A00D23E70 /* Graal-BMSTU.app */,
			);
			name = Products;
			sourceTree = "<group>";
		};
		708E76C929005E4A00D23E70 /* Graal-BMSTU */ = {
			isa = PBXGroup;
			children = (
				70198EBA2926976700B45C3A /* Graal-BMSTU.entitlements */,
				708E76D829005E4D00D23E70 /* Info.plist */,
				7092B9A6291C2B17000D8D3C /* Application */,
				7092B992291C2A61000D8D3C /* TrainingScreen */,
				7092B987291C29FF000D8D3C /* ScheduleScreen */,
				7092B97D291C299E000D8D3C /* MainMenuScreen */,
				7092B973291C2911000D8D3C /* ProfileScreen */,
				705B6A58291E8D7200C5FB63 /* Codestyle.md */,
				85B83302281AFF4DBA7FFA19 /* DetailProfileScreen */,
				85B83CB5A9E95754F1EBBF0E /* AuthScreen */,
			);
			path = "Graal-BMSTU";
			sourceTree = "<group>";
		};
		7092B973291C2911000D8D3C /* ProfileScreen */ = {
			isa = PBXGroup;
			children = (
				70576428291322B7006555E2 /* ProfileView.swift */,
				7080CD28291EAE4800F1BBA0 /* ProfileViewController.swift */,
				7092B979291C295E000D8D3C /* ProfilePresenter.swift */,
				705B6A5D291EA96800C5FB63 /* ProfileBuilder.swift */,
				7080CD24291EAB1A00F1BBA0 /* ProfileRouter.swift */,
				7080CD26291EAD3600F1BBA0 /* ProfileProtocols.swift */,
			);
			path = ProfileScreen;
			sourceTree = "<group>";
		};
		7092B97D291C299E000D8D3C /* MainMenuScreen */ = {
			isa = PBXGroup;
			children = (
				7092B981291C29C3000D8D3C /* MainMenuView.swift */,
				7092B983291C29CF000D8D3C /* MainMenuPresenter.swift */,
				85B83F830343FB8E99B3C072 /* MainMenuViewController.swift */,
				85B83A48E253D5BBB51C5B6F /* MainMenuBuilder.swift */,
				85B83E79944CC6FC0DD1ABD4 /* MainMenuRouter.swift */,
				85B83B0CFE5CA83E7B9CE1A5 /* MainMenuProtocols.swift */,
			);
			path = MainMenuScreen;
			sourceTree = "<group>";
		};
		7092B987291C29FF000D8D3C /* ScheduleScreen */ = {
			isa = PBXGroup;
			children = (
				7092B98B291C2A3F000D8D3C /* SchedulePresenter.swift */,
				7092B98E291C2A4E000D8D3C /* ScheduleView.swift */,
			);
			path = ScheduleScreen;
			sourceTree = "<group>";
		};
		7092B992291C2A61000D8D3C /* TrainingScreen */ = {
			isa = PBXGroup;
			children = (
				7092B996291C2AA1000D8D3C /* TrainingPresenter.swift */,
				7092B998291C2AAD000D8D3C /* TrainingView.swift */,
				7092B99A291C2ABB000D8D3C /* TrainingModel.swift */,
			);
			path = TrainingScreen;
			sourceTree = "<group>";
		};
		7092B9A6291C2B17000D8D3C /* Application */ = {
			isa = PBXGroup;
			children = (
				705B6A5B291E946A00C5FB63 /* Delegates */,
				705B6A5A291E944C00C5FB63 /* Resources */,
				70F83A56291E7FD10087CC01 /* Coordinators */,
				7057642029131E9C006555E2 /* BaseComponents */,
				85B830CF88BB50EDDC925ED5 /* GroupModel.swift */,
				85B83022711B66DCBEFBC923 /* LessonModel.swift */,
				85B833C12362EDF7756DE07F /* ScheduleModel.swift */,
				85B83B97B7F8D375FF4D4968 /* UserModel.swift */,
				85B83E1B88F49483B12F7EBE /* AuthService.swift */,
				85B83FC129B162DFBC1778BA /* ScheduleService.swift */,
				85B83C27376C7E5777A507A8 /* SubjectModel.swift */,
				85B8334F3F7D4635DA27DACA /* LessonsDayModel.swift */,
				85B8317AE5C7A6D62DD2E851 /* PlaceModel.swift */,
				85B832FE9A620E030CA8BB0D /* TeacherModel.swift */,
			);
			path = Application;
			sourceTree = "<group>";
		};
		70F83A56291E7FD10087CC01 /* Coordinators */ = {
			isa = PBXGroup;
			children = (
				70F83A60291E82540087CC01 /* CoordinatorsProtocols.swift */,
				70F83A5E291E81F90087CC01 /* MainFlowCoordinator.swift */,
				705B6A54291E88A500C5FB63 /* AuthFlowCoordinator.swift */,
				705B6A56291E8AAF00C5FB63 /* AppCoordinator.swift */,
			);
			path = Coordinators;
			sourceTree = "<group>";
		};
		85B83302281AFF4DBA7FFA19 /* DetailProfileScreen */ = {
			isa = PBXGroup;
			children = (
				85B83EC9B9DC0C1F5A260470 /* DetailProfileBuilder.swift */,
				85B8382BFD6E0E0DB86602F2 /* DetailProfileCoordinator.swift */,
				85B8345E1551B82C7186FF92 /* DetailProfilePresenter.swift */,
				85B838F954DA1BB8269090B0 /* DetailProfileProtocols.swift */,
				85B83A2ECBF4266C824A8652 /* DetailProfileView.swift */,
				85B83211E2D6C9AD39BCAD20 /* DetailProfileViewController.swift */,
				85B83223529F87099EB53A2E /* DetailProfileModel.swift */,
			);
			path = DetailProfileScreen;
			sourceTree = "<group>";
		};
		85B83CB5A9E95754F1EBBF0E /* AuthScreen */ = {
			isa = PBXGroup;
			children = (
				85B83D4EE826791C198073B3 /* AuthView.swift */,
			);
			path = AuthScreen;
			sourceTree = "<group>";
		};
/* End PBXGroup section */

/* Begin PBXNativeTarget section */
		708E76C629005E4A00D23E70 /* Graal-BMSTU */ = {
			isa = PBXNativeTarget;
			buildConfigurationList = 708E76DB29005E4D00D23E70 /* Build configuration list for PBXNativeTarget "Graal-BMSTU" */;
			buildPhases = (
				708E76C329005E4A00D23E70 /* Sources */,
				708E76C429005E4A00D23E70 /* Frameworks */,
				708E76C529005E4A00D23E70 /* Resources */,
			);
			buildRules = (
			);
			dependencies = (
				70B0553A29350ABB00ED3A54 /* PBXTargetDependency */,
			);
			name = "Graal-BMSTU";
			packageProductDependencies = (
				70F653AE2915F3DC0024EA1D /* SnapKit */,
				708CF77F291C550A0036AEA2 /* SFSafeSymbols */,
				70B0553729350A7C00ED3A54 /* RswiftLibrary */,
			);
			productName = "Graal-BMSTU";
			productReference = 708E76C729005E4A00D23E70 /* Graal-BMSTU.app */;
			productType = "com.apple.product-type.application";
		};
/* End PBXNativeTarget section */

/* Begin PBXProject section */
		708E76BF29005E4A00D23E70 /* Project object */ = {
			isa = PBXProject;
			attributes = {
				BuildIndependentTargetsInParallel = 1;
				LastSwiftUpdateCheck = 1400;
				LastUpgradeCheck = 1400;
				TargetAttributes = {
					708E76C629005E4A00D23E70 = {
						CreatedOnToolsVersion = 14.0;
					};
				};
			};
			buildConfigurationList = 708E76C229005E4A00D23E70 /* Build configuration list for PBXProject "Graal-BMSTU" */;
			compatibilityVersion = "Xcode 14.0";
			developmentRegion = en;
			hasScannedForEncodings = 0;
			knownRegions = (
				en,
				Base,
				ru,
			);
			mainGroup = 708E76BE29005E4A00D23E70;
			packageReferences = (
				70F653AD2915F3DC0024EA1D /* XCRemoteSwiftPackageReference "SnapKit" */,
				708CF77E291C550A0036AEA2 /* XCRemoteSwiftPackageReference "SFSafeSymbols" */,
				70B0553629350A7C00ED3A54 /* XCRemoteSwiftPackageReference "R.swift" */,
			);
			productRefGroup = 708E76C829005E4A00D23E70 /* Products */;
			projectDirPath = "";
			projectRoot = "";
			targets = (
				708E76C629005E4A00D23E70 /* Graal-BMSTU */,
			);
		};
/* End PBXProject section */

/* Begin PBXResourcesBuildPhase section */
		708E76C529005E4A00D23E70 /* Resources */ = {
			isa = PBXResourcesBuildPhase;
			buildActionMask = 2147483647;
			files = (
				708E76D729005E4D00D23E70 /* LaunchScreen.storyboard in Resources */,
				708CF77A291C4A3F0036AEA2 /* Localizable.strings in Resources */,
				708E76D429005E4D00D23E70 /* Assets.xcassets in Resources */,
				85B83D7D168C76D3DC5C699E /* .gitignore in Resources */,
			);
			runOnlyForDeploymentPostprocessing = 0;
		};
/* End PBXResourcesBuildPhase section */

/* Begin PBXSourcesBuildPhase section */
		708E76C329005E4A00D23E70 /* Sources */ = {
			isa = PBXSourcesBuildPhase;
			buildActionMask = 2147483647;
			files = (
				7080CD25291EAB1A00F1BBA0 /* ProfileRouter.swift in Sources */,
				7092B982291C29C3000D8D3C /* MainMenuView.swift in Sources */,
				7080CD27291EAD3600F1BBA0 /* ProfileProtocols.swift in Sources */,
				70576429291322B7006555E2 /* ProfileView.swift in Sources */,
				7092B99B291C2ABB000D8D3C /* TrainingModel.swift in Sources */,
				7092B98C291C2A3F000D8D3C /* SchedulePresenter.swift in Sources */,
				7092B999291C2AAD000D8D3C /* TrainingView.swift in Sources */,
				7092B98F291C2A4E000D8D3C /* ScheduleView.swift in Sources */,
				705B6A57291E8AAF00C5FB63 /* AppCoordinator.swift in Sources */,
				708E76CB29005E4A00D23E70 /* AppDelegate.swift in Sources */,
				705B6A55291E88A500C5FB63 /* AuthFlowCoordinator.swift in Sources */,
				705B6A5E291EA96800C5FB63 /* ProfileBuilder.swift in Sources */,
				70F83A61291E82540087CC01 /* CoordinatorsProtocols.swift in Sources */,
				7092B997291C2AA1000D8D3C /* TrainingPresenter.swift in Sources */,
				7080CD29291EAE4800F1BBA0 /* ProfileViewController.swift in Sources */,
				7092B97A291C295E000D8D3C /* ProfilePresenter.swift in Sources */,
				7092B984291C29CF000D8D3C /* MainMenuPresenter.swift in Sources */,
				70F83A5F291E81F90087CC01 /* MainFlowCoordinator.swift in Sources */,
				708E76CD29005E4A00D23E70 /* SceneDelegate.swift in Sources */,
				85B8340EF1048C7E38742933 /* DetailProfileBuilder.swift in Sources */,
				704C5C86293C009B00C2F3F9 /* Buttons.swift in Sources */,
				85B836C71BE4E27C54B1D5BE /* DetailProfileCoordinator.swift in Sources */,
				85B8312CA7218D7D94B49CEB /* DetailProfilePresenter.swift in Sources */,
				85B83265EDD7A1E19D518030 /* DetailProfileProtocols.swift in Sources */,
				85B83625C3779268CC1818C3 /* DetailProfileView.swift in Sources */,
				85B8340A6249C59EECDB1F28 /* DetailProfileViewController.swift in Sources */,
				85B83A04C81701B7B43EEA1A /* DetailProfileModel.swift in Sources */,
				85B8305C6248A0399B265E23 /* AuthView.swift in Sources */,
				85B83EAB374127AB909A90C0 /* Fields.swift in Sources */,
				85B83AC2B7B0FA2A01AAEDD4 /* MainMenuViewController.swift in Sources */,
				85B83540A1DC1F4722627DCA /* MainMenuBuilder.swift in Sources */,
				85B832E5339371DA5DF4F6D6 /* MainMenuRouter.swift in Sources */,
				85B83120D81ED6CF7BC7D346 /* MainMenuProtocols.swift in Sources */,
				85B8334C8BEDC377F353EC5F /* LessonCell.swift in Sources */,
				85B83C8D5405F29AF8C9B5FD /* GroupModel.swift in Sources */,
				85B835D5F7E5BB48E9C0FB1F /* LessonModel.swift in Sources */,
				85B834F5652EA57FD638E0DC /* ScheduleModel.swift in Sources */,
				85B83C6EF1906EDAD3E911B1 /* UserModel.swift in Sources */,
				85B8329B1EB39F69A8E19F20 /* AuthService.swift in Sources */,
				85B8372335764421894C7775 /* ScheduleService.swift in Sources */,
				85B838E40181A4047A9F3EB4 /* SubjectModel.swift in Sources */,
				85B83689DFB54D776526C9AD /* LessonsDayModel.swift in Sources */,
				85B83127233AA4E86C242039 /* PlaceModel.swift in Sources */,
				85B83CAA431356245705BAFD /* TeacherModel.swift in Sources */,
				85B83F670357DC40F44BBFAC /* Router.swift in Sources */,
			);
			runOnlyForDeploymentPostprocessing = 0;
		};
/* End PBXSourcesBuildPhase section */

/* Begin PBXTargetDependency section */
		70B0553A29350ABB00ED3A54 /* PBXTargetDependency */ = {
			isa = PBXTargetDependency;
			productRef = 70B0553929350ABB00ED3A54 /* plugin:RswiftGenerateInternalResources */;
		};
/* End PBXTargetDependency section */

/* Begin PBXVariantGroup section */
		708CF77C291C4A3F0036AEA2 /* Localizable.strings */ = {
			isa = PBXVariantGroup;
			children = (
				708CF77B291C4A3F0036AEA2 /* en */,
				708CF77D291C4A500036AEA2 /* ru */,
			);
			name = Localizable.strings;
			sourceTree = "<group>";
		};
		708E76D529005E4D00D23E70 /* LaunchScreen.storyboard */ = {
			isa = PBXVariantGroup;
			children = (
				708E76D629005E4D00D23E70 /* Base */,
			);
			name = LaunchScreen.storyboard;
			sourceTree = "<group>";
		};
/* End PBXVariantGroup section */

/* Begin XCBuildConfiguration section */
		708E76D929005E4D00D23E70 /* Debug */ = {
			isa = XCBuildConfiguration;
			buildSettings = {
				ALWAYS_SEARCH_USER_PATHS = NO;
				CLANG_ANALYZER_LOCALIZABILITY_NONLOCALIZED = YES;
				CLANG_ANALYZER_NONNULL = YES;
				CLANG_ANALYZER_NUMBER_OBJECT_CONVERSION = YES_AGGRESSIVE;
				CLANG_CXX_LANGUAGE_STANDARD = "gnu++20";
				CLANG_ENABLE_MODULES = YES;
				CLANG_ENABLE_OBJC_ARC = YES;
				CLANG_ENABLE_OBJC_WEAK = YES;
				CLANG_WARN_BLOCK_CAPTURE_AUTORELEASING = YES;
				CLANG_WARN_BOOL_CONVERSION = YES;
				CLANG_WARN_COMMA = YES;
				CLANG_WARN_CONSTANT_CONVERSION = YES;
				CLANG_WARN_DEPRECATED_OBJC_IMPLEMENTATIONS = YES;
				CLANG_WARN_DIRECT_OBJC_ISA_USAGE = YES_ERROR;
				CLANG_WARN_DOCUMENTATION_COMMENTS = YES;
				CLANG_WARN_EMPTY_BODY = YES;
				CLANG_WARN_ENUM_CONVERSION = YES;
				CLANG_WARN_INFINITE_RECURSION = YES;
				CLANG_WARN_INT_CONVERSION = YES;
				CLANG_WARN_NON_LITERAL_NULL_CONVERSION = YES;
				CLANG_WARN_OBJC_IMPLICIT_RETAIN_SELF = YES;
				CLANG_WARN_OBJC_LITERAL_CONVERSION = YES;
				CLANG_WARN_OBJC_ROOT_CLASS = YES_ERROR;
				CLANG_WARN_QUOTED_INCLUDE_IN_FRAMEWORK_HEADER = YES;
				CLANG_WARN_RANGE_LOOP_ANALYSIS = YES;
				CLANG_WARN_STRICT_PROTOTYPES = YES;
				CLANG_WARN_SUSPICIOUS_MOVE = YES;
				CLANG_WARN_UNGUARDED_AVAILABILITY = YES_AGGRESSIVE;
				CLANG_WARN_UNREACHABLE_CODE = YES;
				CLANG_WARN__DUPLICATE_METHOD_MATCH = YES;
				COPY_PHASE_STRIP = NO;
				DEBUG_INFORMATION_FORMAT = dwarf;
				ENABLE_STRICT_OBJC_MSGSEND = YES;
				ENABLE_TESTABILITY = YES;
				GCC_C_LANGUAGE_STANDARD = gnu11;
				GCC_DYNAMIC_NO_PIC = NO;
				GCC_NO_COMMON_BLOCKS = YES;
				GCC_OPTIMIZATION_LEVEL = 0;
				GCC_PREPROCESSOR_DEFINITIONS = (
					"DEBUG=1",
					"$(inherited)",
				);
				GCC_WARN_64_TO_32_BIT_CONVERSION = YES;
				GCC_WARN_ABOUT_RETURN_TYPE = YES_ERROR;
				GCC_WARN_UNDECLARED_SELECTOR = YES;
				GCC_WARN_UNINITIALIZED_AUTOS = YES_AGGRESSIVE;
				GCC_WARN_UNUSED_FUNCTION = YES;
				GCC_WARN_UNUSED_VARIABLE = YES;
				IPHONEOS_DEPLOYMENT_TARGET = 16.0;
				MTL_ENABLE_DEBUG_INFO = INCLUDE_SOURCE;
				MTL_FAST_MATH = YES;
				ONLY_ACTIVE_ARCH = YES;
				SDKROOT = iphoneos;
				SWIFT_ACTIVE_COMPILATION_CONDITIONS = DEBUG;
				SWIFT_OPTIMIZATION_LEVEL = "-Onone";
			};
			name = Debug;
		};
		708E76DA29005E4D00D23E70 /* Release */ = {
			isa = XCBuildConfiguration;
			buildSettings = {
				ALWAYS_SEARCH_USER_PATHS = NO;
				CLANG_ANALYZER_LOCALIZABILITY_NONLOCALIZED = YES;
				CLANG_ANALYZER_NONNULL = YES;
				CLANG_ANALYZER_NUMBER_OBJECT_CONVERSION = YES_AGGRESSIVE;
				CLANG_CXX_LANGUAGE_STANDARD = "gnu++20";
				CLANG_ENABLE_MODULES = YES;
				CLANG_ENABLE_OBJC_ARC = YES;
				CLANG_ENABLE_OBJC_WEAK = YES;
				CLANG_WARN_BLOCK_CAPTURE_AUTORELEASING = YES;
				CLANG_WARN_BOOL_CONVERSION = YES;
				CLANG_WARN_COMMA = YES;
				CLANG_WARN_CONSTANT_CONVERSION = YES;
				CLANG_WARN_DEPRECATED_OBJC_IMPLEMENTATIONS = YES;
				CLANG_WARN_DIRECT_OBJC_ISA_USAGE = YES_ERROR;
				CLANG_WARN_DOCUMENTATION_COMMENTS = YES;
				CLANG_WARN_EMPTY_BODY = YES;
				CLANG_WARN_ENUM_CONVERSION = YES;
				CLANG_WARN_INFINITE_RECURSION = YES;
				CLANG_WARN_INT_CONVERSION = YES;
				CLANG_WARN_NON_LITERAL_NULL_CONVERSION = YES;
				CLANG_WARN_OBJC_IMPLICIT_RETAIN_SELF = YES;
				CLANG_WARN_OBJC_LITERAL_CONVERSION = YES;
				CLANG_WARN_OBJC_ROOT_CLASS = YES_ERROR;
				CLANG_WARN_QUOTED_INCLUDE_IN_FRAMEWORK_HEADER = YES;
				CLANG_WARN_RANGE_LOOP_ANALYSIS = YES;
				CLANG_WARN_STRICT_PROTOTYPES = YES;
				CLANG_WARN_SUSPICIOUS_MOVE = YES;
				CLANG_WARN_UNGUARDED_AVAILABILITY = YES_AGGRESSIVE;
				CLANG_WARN_UNREACHABLE_CODE = YES;
				CLANG_WARN__DUPLICATE_METHOD_MATCH = YES;
				COPY_PHASE_STRIP = NO;
				DEBUG_INFORMATION_FORMAT = "dwarf-with-dsym";
				ENABLE_NS_ASSERTIONS = NO;
				ENABLE_STRICT_OBJC_MSGSEND = YES;
				GCC_C_LANGUAGE_STANDARD = gnu11;
				GCC_NO_COMMON_BLOCKS = YES;
				GCC_WARN_64_TO_32_BIT_CONVERSION = YES;
				GCC_WARN_ABOUT_RETURN_TYPE = YES_ERROR;
				GCC_WARN_UNDECLARED_SELECTOR = YES;
				GCC_WARN_UNINITIALIZED_AUTOS = YES_AGGRESSIVE;
				GCC_WARN_UNUSED_FUNCTION = YES;
				GCC_WARN_UNUSED_VARIABLE = YES;
				IPHONEOS_DEPLOYMENT_TARGET = 16.0;
				MTL_ENABLE_DEBUG_INFO = NO;
				MTL_FAST_MATH = YES;
				SDKROOT = iphoneos;
				SWIFT_COMPILATION_MODE = wholemodule;
				SWIFT_OPTIMIZATION_LEVEL = "-O";
				VALIDATE_PRODUCT = YES;
			};
			name = Release;
		};
		708E76DC29005E4D00D23E70 /* Debug */ = {
			isa = XCBuildConfiguration;
			buildSettings = {
				ASSETCATALOG_COMPILER_APPICON_NAME = AppIcon;
				ASSETCATALOG_COMPILER_GLOBAL_ACCENT_COLOR_NAME = AccentColor;
				CODE_SIGN_ENTITLEMENTS = "Graal-BMSTU/Graal-BMSTU.entitlements";
				CODE_SIGN_STYLE = Automatic;
				CURRENT_PROJECT_VERSION = 1;
				DEVELOPMENT_TEAM = V88X9S6G23;
				GENERATE_INFOPLIST_FILE = YES;
				INFOPLIST_FILE = "Graal-BMSTU/Info.plist";
				INFOPLIST_KEY_UIApplicationSupportsIndirectInputEvents = YES;
				INFOPLIST_KEY_UILaunchStoryboardName = LaunchScreen;
				INFOPLIST_KEY_UISupportedInterfaceOrientations_iPad = "UIInterfaceOrientationPortrait UIInterfaceOrientationPortraitUpsideDown UIInterfaceOrientationLandscapeLeft UIInterfaceOrientationLandscapeRight";
				INFOPLIST_KEY_UISupportedInterfaceOrientations_iPhone = "UIInterfaceOrientationPortrait UIInterfaceOrientationLandscapeLeft UIInterfaceOrientationLandscapeRight";
				LD_RUNPATH_SEARCH_PATHS = (
					"$(inherited)",
					"@executable_path/Frameworks",
				);
				MARKETING_VERSION = 1.0;
				PRODUCT_BUNDLE_IDENTIFIER = "vk-edu.2022.ios4.Graal-BMSTU";
				PRODUCT_NAME = "$(TARGET_NAME)";
				SWIFT_EMIT_LOC_STRINGS = YES;
				SWIFT_VERSION = 5.0;
				TARGETED_DEVICE_FAMILY = "1,2";
			};
			name = Debug;
		};
		708E76DD29005E4D00D23E70 /* Release */ = {
			isa = XCBuildConfiguration;
			buildSettings = {
				ASSETCATALOG_COMPILER_APPICON_NAME = AppIcon;
				ASSETCATALOG_COMPILER_GLOBAL_ACCENT_COLOR_NAME = AccentColor;
				CODE_SIGN_ENTITLEMENTS = "Graal-BMSTU/Graal-BMSTU.entitlements";
				CODE_SIGN_STYLE = Automatic;
				CURRENT_PROJECT_VERSION = 1;
				DEVELOPMENT_TEAM = V88X9S6G23;
				GENERATE_INFOPLIST_FILE = YES;
				INFOPLIST_FILE = "Graal-BMSTU/Info.plist";
				INFOPLIST_KEY_UIApplicationSupportsIndirectInputEvents = YES;
				INFOPLIST_KEY_UILaunchStoryboardName = LaunchScreen;
				INFOPLIST_KEY_UISupportedInterfaceOrientations_iPad = "UIInterfaceOrientationPortrait UIInterfaceOrientationPortraitUpsideDown UIInterfaceOrientationLandscapeLeft UIInterfaceOrientationLandscapeRight";
				INFOPLIST_KEY_UISupportedInterfaceOrientations_iPhone = "UIInterfaceOrientationPortrait UIInterfaceOrientationLandscapeLeft UIInterfaceOrientationLandscapeRight";
				LD_RUNPATH_SEARCH_PATHS = (
					"$(inherited)",
					"@executable_path/Frameworks",
				);
				MARKETING_VERSION = 1.0;
				PRODUCT_BUNDLE_IDENTIFIER = "vk-edu.2022.ios4.Graal-BMSTU";
				PRODUCT_NAME = "$(TARGET_NAME)";
				SWIFT_EMIT_LOC_STRINGS = YES;
				SWIFT_VERSION = 5.0;
				TARGETED_DEVICE_FAMILY = "1,2";
			};
			name = Release;
		};
/* End XCBuildConfiguration section */

/* Begin XCConfigurationList section */
		708E76C229005E4A00D23E70 /* Build configuration list for PBXProject "Graal-BMSTU" */ = {
			isa = XCConfigurationList;
			buildConfigurations = (
				708E76D929005E4D00D23E70 /* Debug */,
				708E76DA29005E4D00D23E70 /* Release */,
			);
			defaultConfigurationIsVisible = 0;
			defaultConfigurationName = Release;
		};
		708E76DB29005E4D00D23E70 /* Build configuration list for PBXNativeTarget "Graal-BMSTU" */ = {
			isa = XCConfigurationList;
			buildConfigurations = (
				708E76DC29005E4D00D23E70 /* Debug */,
				708E76DD29005E4D00D23E70 /* Release */,
			);
			defaultConfigurationIsVisible = 0;
			defaultConfigurationName = Release;
		};
/* End XCConfigurationList section */

/* Begin XCRemoteSwiftPackageReference section */
		708CF77E291C550A0036AEA2 /* XCRemoteSwiftPackageReference "SFSafeSymbols" */ = {
			isa = XCRemoteSwiftPackageReference;
			repositoryURL = "https://github.com/SFSafeSymbols/SFSafeSymbols";
			requirement = {
				branch = stable;
				kind = branch;
			};
		};
		70B0553629350A7C00ED3A54 /* XCRemoteSwiftPackageReference "R.swift" */ = {
			isa = XCRemoteSwiftPackageReference;
			repositoryURL = "https://github.com/mac-cain13/R.swift";
			requirement = {
				kind = upToNextMajorVersion;
				minimumVersion = 7.0.0;
			};
		};
		70F653AD2915F3DC0024EA1D /* XCRemoteSwiftPackageReference "SnapKit" */ = {
			isa = XCRemoteSwiftPackageReference;
			repositoryURL = "https://github.com/SnapKit/SnapKit";
			requirement = {
				kind = upToNextMajorVersion;
				minimumVersion = 5.0.0;
			};
		};
/* End XCRemoteSwiftPackageReference section */

/* Begin XCSwiftPackageProductDependency section */
		708CF77F291C550A0036AEA2 /* SFSafeSymbols */ = {
			isa = XCSwiftPackageProductDependency;
			package = 708CF77E291C550A0036AEA2 /* XCRemoteSwiftPackageReference "SFSafeSymbols" */;
			productName = SFSafeSymbols;
		};
		70B0553729350A7C00ED3A54 /* RswiftLibrary */ = {
			isa = XCSwiftPackageProductDependency;
			package = 70B0553629350A7C00ED3A54 /* XCRemoteSwiftPackageReference "R.swift" */;
			productName = RswiftLibrary;
		};
		70B0553929350ABB00ED3A54 /* plugin:RswiftGenerateInternalResources */ = {
			isa = XCSwiftPackageProductDependency;
			productName = "plugin:RswiftGenerateInternalResources";
		};
		70F653AE2915F3DC0024EA1D /* SnapKit */ = {
			isa = XCSwiftPackageProductDependency;
			package = 70F653AD2915F3DC0024EA1D /* XCRemoteSwiftPackageReference "SnapKit" */;
			productName = SnapKit;
		};
/* End XCSwiftPackageProductDependency section */
	};
	rootObject = 708E76BF29005E4A00D23E70 /* Project object */;
}
