// !$*UTF8*$!
{
	archiveVersion = 1;
	classes = {
	};
	objectVersion = 56;
	objects = {

/* Begin PBXBuildFile section */
		7057642229131EB9006555E2 /* AuthView.swift in Sources */ = {isa = PBXBuildFile; fileRef = 7057642129131EB9006555E2 /* AuthView.swift */; };
		70576429291322B7006555E2 /* ProfileView.swift in Sources */ = {isa = PBXBuildFile; fileRef = 70576428291322B7006555E2 /* ProfileView.swift */; };
		7057642B29132A27006555E2 /* TabBarView.swift in Sources */ = {isa = PBXBuildFile; fileRef = 7057642A29132A27006555E2 /* TabBarView.swift */; };
		708CF773291C480A0036AEA2 /* R.generated.swift in Sources */ = {isa = PBXBuildFile; fileRef = 708CF772291C480A0036AEA2 /* R.generated.swift */; };
		708CF77A291C4A3F0036AEA2 /* Localizable.strings in Resources */ = {isa = PBXBuildFile; fileRef = 708CF77C291C4A3F0036AEA2 /* Localizable.strings */; };
		708E76CB29005E4A00D23E70 /* AppDelegate.swift in Sources */ = {isa = PBXBuildFile; fileRef = 708E76CA29005E4A00D23E70 /* AppDelegate.swift */; };
		708E76CD29005E4A00D23E70 /* SceneDelegate.swift in Sources */ = {isa = PBXBuildFile; fileRef = 708E76CC29005E4A00D23E70 /* SceneDelegate.swift */; };
		708E76D429005E4D00D23E70 /* Assets.xcassets in Resources */ = {isa = PBXBuildFile; fileRef = 708E76D329005E4D00D23E70 /* Assets.xcassets */; };
		708E76D729005E4D00D23E70 /* LaunchScreen.storyboard in Resources */ = {isa = PBXBuildFile; fileRef = 708E76D529005E4D00D23E70 /* LaunchScreen.storyboard */; };
		7092B972291C2901000D8D3C /* AuthModel.swift in Sources */ = {isa = PBXBuildFile; fileRef = 7092B971291C2901000D8D3C /* AuthModel.swift */; };
		7092B975291C293B000D8D3C /* AuthPresenter.swift in Sources */ = {isa = PBXBuildFile; fileRef = 7092B974291C293B000D8D3C /* AuthPresenter.swift */; };
		7092B97A291C295E000D8D3C /* ProfilePresenter.swift in Sources */ = {isa = PBXBuildFile; fileRef = 7092B979291C295E000D8D3C /* ProfilePresenter.swift */; };
		7092B97C291C2967000D8D3C /* ProfileModel.swift in Sources */ = {isa = PBXBuildFile; fileRef = 7092B97B291C2967000D8D3C /* ProfileModel.swift */; };
		7092B982291C29C3000D8D3C /* MainMenuView.swift in Sources */ = {isa = PBXBuildFile; fileRef = 7092B981291C29C3000D8D3C /* MainMenuView.swift */; };
		7092B984291C29CF000D8D3C /* MainMenuPresenter.swift in Sources */ = {isa = PBXBuildFile; fileRef = 7092B983291C29CF000D8D3C /* MainMenuPresenter.swift */; };
		7092B986291C29DA000D8D3C /* MainMenuModel.swift in Sources */ = {isa = PBXBuildFile; fileRef = 7092B985291C29DA000D8D3C /* MainMenuModel.swift */; };
		7092B98C291C2A3F000D8D3C /* SchedulePresenter.swift in Sources */ = {isa = PBXBuildFile; fileRef = 7092B98B291C2A3F000D8D3C /* SchedulePresenter.swift */; };
		7092B98F291C2A4E000D8D3C /* ScheduleView.swift in Sources */ = {isa = PBXBuildFile; fileRef = 7092B98E291C2A4E000D8D3C /* ScheduleView.swift */; };
		7092B991291C2A5A000D8D3C /* ScheduleModel.swift in Sources */ = {isa = PBXBuildFile; fileRef = 7092B990291C2A5A000D8D3C /* ScheduleModel.swift */; };
		7092B997291C2AA1000D8D3C /* TrainingPresenter.swift in Sources */ = {isa = PBXBuildFile; fileRef = 7092B996291C2AA1000D8D3C /* TrainingPresenter.swift */; };
		7092B999291C2AAD000D8D3C /* TrainingView.swift in Sources */ = {isa = PBXBuildFile; fileRef = 7092B998291C2AAD000D8D3C /* TrainingView.swift */; };
		7092B99B291C2ABB000D8D3C /* TrainingModel.swift in Sources */ = {isa = PBXBuildFile; fileRef = 7092B99A291C2ABB000D8D3C /* TrainingModel.swift */; };
		7092B9A1291C2AEF000D8D3C /* InappNotificationView.swift in Sources */ = {isa = PBXBuildFile; fileRef = 7092B9A0291C2AEF000D8D3C /* InappNotificationView.swift */; };
		7092B9A3291C2B01000D8D3C /* InappNotificationPresenter.swift in Sources */ = {isa = PBXBuildFile; fileRef = 7092B9A2291C2B01000D8D3C /* InappNotificationPresenter.swift */; };
		7092B9A5291C2B10000D8D3C /* InappNotificationModel.swift in Sources */ = {isa = PBXBuildFile; fileRef = 7092B9A4291C2B10000D8D3C /* InappNotificationModel.swift */; };
		7092B9AB291C2B4E000D8D3C /* TabBarModel.swift in Sources */ = {isa = PBXBuildFile; fileRef = 7092B9AA291C2B4E000D8D3C /* TabBarModel.swift */; };
		7092B9AD291C2B6D000D8D3C /* TabBarPresenter.swift in Sources */ = {isa = PBXBuildFile; fileRef = 7092B9AC291C2B6D000D8D3C /* TabBarPresenter.swift */; };
		7092B9BF291C447F000D8D3C /* Rswift in Frameworks */ = {isa = PBXBuildFile; productRef = 7092B9BE291C447F000D8D3C /* Rswift */; };
		70F653AF2915F3DC0024EA1D /* SnapKit in Frameworks */ = {isa = PBXBuildFile; productRef = 70F653AE2915F3DC0024EA1D /* SnapKit */; };
/* End PBXBuildFile section */

/* Begin PBXFileReference section */
		7057642129131EB9006555E2 /* AuthView.swift */ = {isa = PBXFileReference; lastKnownFileType = sourcecode.swift; path = AuthView.swift; sourceTree = "<group>"; };
		70576428291322B7006555E2 /* ProfileView.swift */ = {isa = PBXFileReference; lastKnownFileType = sourcecode.swift; path = ProfileView.swift; sourceTree = "<group>"; };
		7057642A29132A27006555E2 /* TabBarView.swift */ = {isa = PBXFileReference; lastKnownFileType = sourcecode.swift; path = TabBarView.swift; sourceTree = "<group>"; };
		708CF772291C480A0036AEA2 /* R.generated.swift */ = {isa = PBXFileReference; fileEncoding = 4; lastKnownFileType = sourcecode.swift; path = R.generated.swift; sourceTree = "<group>"; };
		708CF77B291C4A3F0036AEA2 /* en */ = {isa = PBXFileReference; lastKnownFileType = text.plist.strings; name = en; path = en.lproj/Localizable.strings; sourceTree = "<group>"; };
		708CF77D291C4A500036AEA2 /* ru */ = {isa = PBXFileReference; lastKnownFileType = text.plist.strings; name = ru; path = ru.lproj/Localizable.strings; sourceTree = "<group>"; };
		708E76C729005E4A00D23E70 /* Graal-BMSTU.app */ = {isa = PBXFileReference; explicitFileType = wrapper.application; includeInIndex = 0; path = "Graal-BMSTU.app"; sourceTree = BUILT_PRODUCTS_DIR; };
		708E76CA29005E4A00D23E70 /* AppDelegate.swift */ = {isa = PBXFileReference; lastKnownFileType = sourcecode.swift; path = AppDelegate.swift; sourceTree = "<group>"; };
		708E76CC29005E4A00D23E70 /* SceneDelegate.swift */ = {isa = PBXFileReference; lastKnownFileType = sourcecode.swift; path = SceneDelegate.swift; sourceTree = "<group>"; };
		708E76D329005E4D00D23E70 /* Assets.xcassets */ = {isa = PBXFileReference; lastKnownFileType = folder.assetcatalog; path = Assets.xcassets; sourceTree = "<group>"; };
		708E76D629005E4D00D23E70 /* Base */ = {isa = PBXFileReference; lastKnownFileType = file.storyboard; name = Base; path = Base.lproj/LaunchScreen.storyboard; sourceTree = "<group>"; };
		708E76D829005E4D00D23E70 /* Info.plist */ = {isa = PBXFileReference; lastKnownFileType = text.plist.xml; path = Info.plist; sourceTree = "<group>"; };
		7092B971291C2901000D8D3C /* AuthModel.swift */ = {isa = PBXFileReference; lastKnownFileType = sourcecode.swift; path = AuthModel.swift; sourceTree = "<group>"; };
		7092B974291C293B000D8D3C /* AuthPresenter.swift */ = {isa = PBXFileReference; lastKnownFileType = sourcecode.swift; path = AuthPresenter.swift; sourceTree = "<group>"; };
		7092B979291C295E000D8D3C /* ProfilePresenter.swift */ = {isa = PBXFileReference; lastKnownFileType = sourcecode.swift; path = ProfilePresenter.swift; sourceTree = "<group>"; };
		7092B97B291C2967000D8D3C /* ProfileModel.swift */ = {isa = PBXFileReference; lastKnownFileType = sourcecode.swift; path = ProfileModel.swift; sourceTree = "<group>"; };
		7092B981291C29C3000D8D3C /* MainMenuView.swift */ = {isa = PBXFileReference; lastKnownFileType = sourcecode.swift; path = MainMenuView.swift; sourceTree = "<group>"; };
		7092B983291C29CF000D8D3C /* MainMenuPresenter.swift */ = {isa = PBXFileReference; lastKnownFileType = sourcecode.swift; path = MainMenuPresenter.swift; sourceTree = "<group>"; };
		7092B985291C29DA000D8D3C /* MainMenuModel.swift */ = {isa = PBXFileReference; lastKnownFileType = sourcecode.swift; path = MainMenuModel.swift; sourceTree = "<group>"; };
		7092B98B291C2A3F000D8D3C /* SchedulePresenter.swift */ = {isa = PBXFileReference; lastKnownFileType = sourcecode.swift; path = SchedulePresenter.swift; sourceTree = "<group>"; };
		7092B98E291C2A4E000D8D3C /* ScheduleView.swift */ = {isa = PBXFileReference; lastKnownFileType = sourcecode.swift; path = ScheduleView.swift; sourceTree = "<group>"; };
		7092B990291C2A5A000D8D3C /* ScheduleModel.swift */ = {isa = PBXFileReference; lastKnownFileType = sourcecode.swift; path = ScheduleModel.swift; sourceTree = "<group>"; };
		7092B996291C2AA1000D8D3C /* TrainingPresenter.swift */ = {isa = PBXFileReference; lastKnownFileType = sourcecode.swift; path = TrainingPresenter.swift; sourceTree = "<group>"; };
		7092B998291C2AAD000D8D3C /* TrainingView.swift */ = {isa = PBXFileReference; lastKnownFileType = sourcecode.swift; path = TrainingView.swift; sourceTree = "<group>"; };
		7092B99A291C2ABB000D8D3C /* TrainingModel.swift */ = {isa = PBXFileReference; lastKnownFileType = sourcecode.swift; path = TrainingModel.swift; sourceTree = "<group>"; };
		7092B9A0291C2AEF000D8D3C /* InappNotificationView.swift */ = {isa = PBXFileReference; lastKnownFileType = sourcecode.swift; path = InappNotificationView.swift; sourceTree = "<group>"; };
		7092B9A2291C2B01000D8D3C /* InappNotificationPresenter.swift */ = {isa = PBXFileReference; lastKnownFileType = sourcecode.swift; path = InappNotificationPresenter.swift; sourceTree = "<group>"; };
		7092B9A4291C2B10000D8D3C /* InappNotificationModel.swift */ = {isa = PBXFileReference; lastKnownFileType = sourcecode.swift; path = InappNotificationModel.swift; sourceTree = "<group>"; };
		7092B9AA291C2B4E000D8D3C /* TabBarModel.swift */ = {isa = PBXFileReference; lastKnownFileType = sourcecode.swift; path = TabBarModel.swift; sourceTree = "<group>"; };
		7092B9AC291C2B6D000D8D3C /* TabBarPresenter.swift */ = {isa = PBXFileReference; lastKnownFileType = sourcecode.swift; path = TabBarPresenter.swift; sourceTree = "<group>"; };
/* End PBXFileReference section */

/* Begin PBXFrameworksBuildPhase section */
		708E76C429005E4A00D23E70 /* Frameworks */ = {
			isa = PBXFrameworksBuildPhase;
			buildActionMask = 2147483647;
			files = (
				7092B9BF291C447F000D8D3C /* Rswift in Frameworks */,
				70F653AF2915F3DC0024EA1D /* SnapKit in Frameworks */,
			);
			runOnlyForDeploymentPostprocessing = 0;
		};
/* End PBXFrameworksBuildPhase section */

/* Begin PBXGroup section */
		7057642029131E9C006555E2 /* BaseComponents */ = {
			isa = PBXGroup;
			children = (
				7092B9A6291C2B17000D8D3C /* TabBar */,
				7092B99C291C2AC7000D8D3C /* InappNotification */,
			);
			path = BaseComponents;
			sourceTree = "<group>";
		};
		708E76BE29005E4A00D23E70 = {
			isa = PBXGroup;
			children = (
				708CF772291C480A0036AEA2 /* R.generated.swift */,
				708E76C929005E4A00D23E70 /* Graal-BMSTU */,
				708E76C829005E4A00D23E70 /* Products */,
			);
			sourceTree = "<group>";
		};
		708E76C829005E4A00D23E70 /* Products */ = {
			isa = PBXGroup;
			children = (
				708E76C729005E4A00D23E70 /* Graal-BMSTU.app */,
			);
			name = Products;
			sourceTree = "<group>";
		};
		708E76C929005E4A00D23E70 /* Graal-BMSTU */ = {
			isa = PBXGroup;
			children = (
				708CF77C291C4A3F0036AEA2 /* Localizable.strings */,
				7092B992291C2A61000D8D3C /* TrainingView */,
				7092B987291C29FF000D8D3C /* ScheduleView */,
				7092B97D291C299E000D8D3C /* MainMenuView */,
				7092B973291C2911000D8D3C /* ProfileView */,
				7092B96D291C28C6000D8D3C /* AuthView */,
				7057642029131E9C006555E2 /* BaseComponents */,
				708E76CA29005E4A00D23E70 /* AppDelegate.swift */,
				708E76CC29005E4A00D23E70 /* SceneDelegate.swift */,
				708E76D329005E4D00D23E70 /* Assets.xcassets */,
				708E76D529005E4D00D23E70 /* LaunchScreen.storyboard */,
				708E76D829005E4D00D23E70 /* Info.plist */,
			);
			path = "Graal-BMSTU";
			sourceTree = "<group>";
		};
		7092B96D291C28C6000D8D3C /* AuthView */ = {
			isa = PBXGroup;
			children = (
				7092B970291C28EB000D8D3C /* Presenter */,
				7092B96F291C28DE000D8D3C /* Model */,
				7092B96E291C28D7000D8D3C /* View */,
			);
			path = AuthView;
			sourceTree = "<group>";
		};
		7092B96E291C28D7000D8D3C /* View */ = {
			isa = PBXGroup;
			children = (
				7057642129131EB9006555E2 /* AuthView.swift */,
			);
			path = View;
			sourceTree = "<group>";
		};
		7092B96F291C28DE000D8D3C /* Model */ = {
			isa = PBXGroup;
			children = (
				7092B971291C2901000D8D3C /* AuthModel.swift */,
			);
			path = Model;
			sourceTree = "<group>";
		};
		7092B970291C28EB000D8D3C /* Presenter */ = {
			isa = PBXGroup;
			children = (
				7092B974291C293B000D8D3C /* AuthPresenter.swift */,
			);
			path = Presenter;
			sourceTree = "<group>";
		};
		7092B973291C2911000D8D3C /* ProfileView */ = {
			isa = PBXGroup;
			children = (
				7092B978291C2951000D8D3C /* View */,
				7092B977291C2947000D8D3C /* Presenter */,
				7092B976291C2940000D8D3C /* Model */,
			);
			path = ProfileView;
			sourceTree = "<group>";
		};
		7092B976291C2940000D8D3C /* Model */ = {
			isa = PBXGroup;
			children = (
				7092B97B291C2967000D8D3C /* ProfileModel.swift */,
			);
			path = Model;
			sourceTree = "<group>";
		};
		7092B977291C2947000D8D3C /* Presenter */ = {
			isa = PBXGroup;
			children = (
				7092B979291C295E000D8D3C /* ProfilePresenter.swift */,
			);
			path = Presenter;
			sourceTree = "<group>";
		};
		7092B978291C2951000D8D3C /* View */ = {
			isa = PBXGroup;
			children = (
				70576428291322B7006555E2 /* ProfileView.swift */,
			);
			path = View;
			sourceTree = "<group>";
		};
		7092B97D291C299E000D8D3C /* MainMenuView */ = {
			isa = PBXGroup;
			children = (
				7092B980291C29B5000D8D3C /* View */,
				7092B97F291C29AE000D8D3C /* Presenter */,
				7092B97E291C29A8000D8D3C /* Model */,
			);
			path = MainMenuView;
			sourceTree = "<group>";
		};
		7092B97E291C29A8000D8D3C /* Model */ = {
			isa = PBXGroup;
			children = (
				7092B985291C29DA000D8D3C /* MainMenuModel.swift */,
			);
			path = Model;
			sourceTree = "<group>";
		};
		7092B97F291C29AE000D8D3C /* Presenter */ = {
			isa = PBXGroup;
			children = (
				7092B983291C29CF000D8D3C /* MainMenuPresenter.swift */,
			);
			path = Presenter;
			sourceTree = "<group>";
		};
		7092B980291C29B5000D8D3C /* View */ = {
			isa = PBXGroup;
			children = (
				7092B981291C29C3000D8D3C /* MainMenuView.swift */,
			);
			path = View;
			sourceTree = "<group>";
		};
		7092B987291C29FF000D8D3C /* ScheduleView */ = {
			isa = PBXGroup;
			children = (
				7092B98A291C2A2F000D8D3C /* Presenter */,
				7092B989291C2A29000D8D3C /* View */,
				7092B988291C2A25000D8D3C /* Model */,
			);
			path = ScheduleView;
			sourceTree = "<group>";
		};
		7092B988291C2A25000D8D3C /* Model */ = {
			isa = PBXGroup;
			children = (
				7092B990291C2A5A000D8D3C /* ScheduleModel.swift */,
			);
			path = Model;
			sourceTree = "<group>";
		};
		7092B989291C2A29000D8D3C /* View */ = {
			isa = PBXGroup;
			children = (
				7092B98E291C2A4E000D8D3C /* ScheduleView.swift */,
			);
			path = View;
			sourceTree = "<group>";
		};
		7092B98A291C2A2F000D8D3C /* Presenter */ = {
			isa = PBXGroup;
			children = (
				7092B98B291C2A3F000D8D3C /* SchedulePresenter.swift */,
			);
			path = Presenter;
			sourceTree = "<group>";
		};
		7092B992291C2A61000D8D3C /* TrainingView */ = {
			isa = PBXGroup;
			children = (
				7092B995291C2A95000D8D3C /* Presenter */,
				7092B994291C2A91000D8D3C /* View */,
				7092B993291C2A8A000D8D3C /* Model */,
			);
			path = TrainingView;
			sourceTree = "<group>";
		};
		7092B993291C2A8A000D8D3C /* Model */ = {
			isa = PBXGroup;
			children = (
				7092B99A291C2ABB000D8D3C /* TrainingModel.swift */,
			);
			path = Model;
			sourceTree = "<group>";
		};
		7092B994291C2A91000D8D3C /* View */ = {
			isa = PBXGroup;
			children = (
				7092B998291C2AAD000D8D3C /* TrainingView.swift */,
			);
			path = View;
			sourceTree = "<group>";
		};
		7092B995291C2A95000D8D3C /* Presenter */ = {
			isa = PBXGroup;
			children = (
				7092B996291C2AA1000D8D3C /* TrainingPresenter.swift */,
			);
			path = Presenter;
			sourceTree = "<group>";
		};
		7092B99C291C2AC7000D8D3C /* InappNotification */ = {
			isa = PBXGroup;
			children = (
				7092B99F291C2AE1000D8D3C /* View */,
				7092B99E291C2ADB000D8D3C /* Presenter */,
				7092B99D291C2AD5000D8D3C /* Model */,
			);
			path = InappNotification;
			sourceTree = "<group>";
		};
		7092B99D291C2AD5000D8D3C /* Model */ = {
			isa = PBXGroup;
			children = (
				7092B9A4291C2B10000D8D3C /* InappNotificationModel.swift */,
			);
			path = Model;
			sourceTree = "<group>";
		};
		7092B99E291C2ADB000D8D3C /* Presenter */ = {
			isa = PBXGroup;
			children = (
				7092B9A2291C2B01000D8D3C /* InappNotificationPresenter.swift */,
			);
			path = Presenter;
			sourceTree = "<group>";
		};
		7092B99F291C2AE1000D8D3C /* View */ = {
			isa = PBXGroup;
			children = (
				7092B9A0291C2AEF000D8D3C /* InappNotificationView.swift */,
			);
			path = View;
			sourceTree = "<group>";
		};
		7092B9A6291C2B17000D8D3C /* TabBar */ = {
			isa = PBXGroup;
			children = (
				7092B9A9291C2B29000D8D3C /* Presenter */,
				7092B9A8291C2B24000D8D3C /* View */,
				7092B9A7291C2B1E000D8D3C /* Model */,
			);
			path = TabBar;
			sourceTree = "<group>";
		};
		7092B9A7291C2B1E000D8D3C /* Model */ = {
			isa = PBXGroup;
			children = (
				7092B9AA291C2B4E000D8D3C /* TabBarModel.swift */,
			);
			path = Model;
			sourceTree = "<group>";
		};
		7092B9A8291C2B24000D8D3C /* View */ = {
			isa = PBXGroup;
			children = (
				7057642A29132A27006555E2 /* TabBarView.swift */,
			);
			path = View;
			sourceTree = "<group>";
		};
		7092B9A9291C2B29000D8D3C /* Presenter */ = {
			isa = PBXGroup;
			children = (
				7092B9AC291C2B6D000D8D3C /* TabBarPresenter.swift */,
			);
			path = Presenter;
			sourceTree = "<group>";
		};
/* End PBXGroup section */

/* Begin PBXNativeTarget section */
		708E76C629005E4A00D23E70 /* Graal-BMSTU */ = {
			isa = PBXNativeTarget;
			buildConfigurationList = 708E76DB29005E4D00D23E70 /* Build configuration list for PBXNativeTarget "Graal-BMSTU" */;
			buildPhases = (
				708CF771291C46E20036AEA2 /* ShellScript */,
				708E76C329005E4A00D23E70 /* Sources */,
				708E76C429005E4A00D23E70 /* Frameworks */,
				708E76C529005E4A00D23E70 /* Resources */,
			);
			buildRules = (
			);
			dependencies = (
			);
			name = "Graal-BMSTU";
			packageProductDependencies = (
				70F653AE2915F3DC0024EA1D /* SnapKit */,
				7092B9BE291C447F000D8D3C /* Rswift */,
			);
			productName = "Graal-BMSTU";
			productReference = 708E76C729005E4A00D23E70 /* Graal-BMSTU.app */;
			productType = "com.apple.product-type.application";
		};
/* End PBXNativeTarget section */

/* Begin PBXProject section */
		708E76BF29005E4A00D23E70 /* Project object */ = {
			isa = PBXProject;
			attributes = {
				BuildIndependentTargetsInParallel = 1;
				LastSwiftUpdateCheck = 1400;
				LastUpgradeCheck = 1400;
				TargetAttributes = {
					708E76C629005E4A00D23E70 = {
						CreatedOnToolsVersion = 14.0;
					};
				};
			};
			buildConfigurationList = 708E76C229005E4A00D23E70 /* Build configuration list for PBXProject "Graal-BMSTU" */;
			compatibilityVersion = "Xcode 14.0";
			developmentRegion = en;
			hasScannedForEncodings = 0;
			knownRegions = (
				en,
				Base,
				ru,
			);
			mainGroup = 708E76BE29005E4A00D23E70;
			packageReferences = (
				70F653AD2915F3DC0024EA1D /* XCRemoteSwiftPackageReference "SnapKit" */,
				7092B9BD291C447F000D8D3C /* XCRemoteSwiftPackageReference "R.swift" */,
			);
			productRefGroup = 708E76C829005E4A00D23E70 /* Products */;
			projectDirPath = "";
			projectRoot = "";
			targets = (
				708E76C629005E4A00D23E70 /* Graal-BMSTU */,
			);
		};
/* End PBXProject section */

/* Begin PBXResourcesBuildPhase section */
		708E76C529005E4A00D23E70 /* Resources */ = {
			isa = PBXResourcesBuildPhase;
			buildActionMask = 2147483647;
			files = (
				708E76D729005E4D00D23E70 /* LaunchScreen.storyboard in Resources */,
				708CF77A291C4A3F0036AEA2 /* Localizable.strings in Resources */,
				708E76D429005E4D00D23E70 /* Assets.xcassets in Resources */,
			);
			runOnlyForDeploymentPostprocessing = 0;
		};
/* End PBXResourcesBuildPhase section */

/* Begin PBXShellScriptBuildPhase section */
		708CF771291C46E20036AEA2 /* ShellScript */ = {
			isa = PBXShellScriptBuildPhase;
			alwaysOutOfDate = 1;
			buildActionMask = 2147483647;
			files = (
			);
			inputFileListPaths = (
			);
			inputPaths = (
			);
			outputFileListPaths = (
			);
			outputPaths = (
				$SRCROOT/R.generated.swift,
			);
			runOnlyForDeploymentPostprocessing = 0;
			shellPath = /bin/sh;
			shellScript = "\"$SRCROOT/rswift/rswift\" generate \"$SRCROOT/R.generated.swift\"\n";
		};
/* End PBXShellScriptBuildPhase section */

/* Begin PBXSourcesBuildPhase section */
		708E76C329005E4A00D23E70 /* Sources */ = {
			isa = PBXSourcesBuildPhase;
			buildActionMask = 2147483647;
			files = (
				7092B975291C293B000D8D3C /* AuthPresenter.swift in Sources */,
				7092B9A5291C2B10000D8D3C /* InappNotificationModel.swift in Sources */,
				7092B982291C29C3000D8D3C /* MainMenuView.swift in Sources */,
				70576429291322B7006555E2 /* ProfileView.swift in Sources */,
				7092B99B291C2ABB000D8D3C /* TrainingModel.swift in Sources */,
				7092B98C291C2A3F000D8D3C /* SchedulePresenter.swift in Sources */,
				7092B999291C2AAD000D8D3C /* TrainingView.swift in Sources */,
				7092B98F291C2A4E000D8D3C /* ScheduleView.swift in Sources */,
				7092B9A1291C2AEF000D8D3C /* InappNotificationView.swift in Sources */,
				7092B972291C2901000D8D3C /* AuthModel.swift in Sources */,
				708E76CB29005E4A00D23E70 /* AppDelegate.swift in Sources */,
				708CF773291C480A0036AEA2 /* R.generated.swift in Sources */,
				7092B986291C29DA000D8D3C /* MainMenuModel.swift in Sources */,
				7092B97C291C2967000D8D3C /* ProfileModel.swift in Sources */,
				7092B9A3291C2B01000D8D3C /* InappNotificationPresenter.swift in Sources */,
				7092B997291C2AA1000D8D3C /* TrainingPresenter.swift in Sources */,
				7092B97A291C295E000D8D3C /* ProfilePresenter.swift in Sources */,
				7092B984291C29CF000D8D3C /* MainMenuPresenter.swift in Sources */,
				7092B9AB291C2B4E000D8D3C /* TabBarModel.swift in Sources */,
				7092B991291C2A5A000D8D3C /* ScheduleModel.swift in Sources */,
				7092B9AD291C2B6D000D8D3C /* TabBarPresenter.swift in Sources */,
				7057642229131EB9006555E2 /* AuthView.swift in Sources */,
				7057642B29132A27006555E2 /* TabBarView.swift in Sources */,
				708E76CD29005E4A00D23E70 /* SceneDelegate.swift in Sources */,
			);
			runOnlyForDeploymentPostprocessing = 0;
		};
/* End PBXSourcesBuildPhase section */

/* Begin PBXVariantGroup section */
		708CF77C291C4A3F0036AEA2 /* Localizable.strings */ = {
			isa = PBXVariantGroup;
			children = (
				708CF77B291C4A3F0036AEA2 /* en */,
				708CF77D291C4A500036AEA2 /* ru */,
			);
			name = Localizable.strings;
			sourceTree = "<group>";
		};
		708E76D529005E4D00D23E70 /* LaunchScreen.storyboard */ = {
			isa = PBXVariantGroup;
			children = (
				708E76D629005E4D00D23E70 /* Base */,
			);
			name = LaunchScreen.storyboard;
			sourceTree = "<group>";
		};
/* End PBXVariantGroup section */

/* Begin XCBuildConfiguration section */
		708E76D929005E4D00D23E70 /* Debug */ = {
			isa = XCBuildConfiguration;
			buildSettings = {
				ALWAYS_SEARCH_USER_PATHS = NO;
				CLANG_ANALYZER_LOCALIZABILITY_NONLOCALIZED = YES;
				CLANG_ANALYZER_NONNULL = YES;
				CLANG_ANALYZER_NUMBER_OBJECT_CONVERSION = YES_AGGRESSIVE;
				CLANG_CXX_LANGUAGE_STANDARD = "gnu++20";
				CLANG_ENABLE_MODULES = YES;
				CLANG_ENABLE_OBJC_ARC = YES;
				CLANG_ENABLE_OBJC_WEAK = YES;
				CLANG_WARN_BLOCK_CAPTURE_AUTORELEASING = YES;
				CLANG_WARN_BOOL_CONVERSION = YES;
				CLANG_WARN_COMMA = YES;
				CLANG_WARN_CONSTANT_CONVERSION = YES;
				CLANG_WARN_DEPRECATED_OBJC_IMPLEMENTATIONS = YES;
				CLANG_WARN_DIRECT_OBJC_ISA_USAGE = YES_ERROR;
				CLANG_WARN_DOCUMENTATION_COMMENTS = YES;
				CLANG_WARN_EMPTY_BODY = YES;
				CLANG_WARN_ENUM_CONVERSION = YES;
				CLANG_WARN_INFINITE_RECURSION = YES;
				CLANG_WARN_INT_CONVERSION = YES;
				CLANG_WARN_NON_LITERAL_NULL_CONVERSION = YES;
				CLANG_WARN_OBJC_IMPLICIT_RETAIN_SELF = YES;
				CLANG_WARN_OBJC_LITERAL_CONVERSION = YES;
				CLANG_WARN_OBJC_ROOT_CLASS = YES_ERROR;
				CLANG_WARN_QUOTED_INCLUDE_IN_FRAMEWORK_HEADER = YES;
				CLANG_WARN_RANGE_LOOP_ANALYSIS = YES;
				CLANG_WARN_STRICT_PROTOTYPES = YES;
				CLANG_WARN_SUSPICIOUS_MOVE = YES;
				CLANG_WARN_UNGUARDED_AVAILABILITY = YES_AGGRESSIVE;
				CLANG_WARN_UNREACHABLE_CODE = YES;
				CLANG_WARN__DUPLICATE_METHOD_MATCH = YES;
				COPY_PHASE_STRIP = NO;
				DEBUG_INFORMATION_FORMAT = dwarf;
				ENABLE_STRICT_OBJC_MSGSEND = YES;
				ENABLE_TESTABILITY = YES;
				GCC_C_LANGUAGE_STANDARD = gnu11;
				GCC_DYNAMIC_NO_PIC = NO;
				GCC_NO_COMMON_BLOCKS = YES;
				GCC_OPTIMIZATION_LEVEL = 0;
				GCC_PREPROCESSOR_DEFINITIONS = (
					"DEBUG=1",
					"$(inherited)",
				);
				GCC_WARN_64_TO_32_BIT_CONVERSION = YES;
				GCC_WARN_ABOUT_RETURN_TYPE = YES_ERROR;
				GCC_WARN_UNDECLARED_SELECTOR = YES;
				GCC_WARN_UNINITIALIZED_AUTOS = YES_AGGRESSIVE;
				GCC_WARN_UNUSED_FUNCTION = YES;
				GCC_WARN_UNUSED_VARIABLE = YES;
				IPHONEOS_DEPLOYMENT_TARGET = 16.0;
				MTL_ENABLE_DEBUG_INFO = INCLUDE_SOURCE;
				MTL_FAST_MATH = YES;
				ONLY_ACTIVE_ARCH = YES;
				SDKROOT = iphoneos;
				SWIFT_ACTIVE_COMPILATION_CONDITIONS = DEBUG;
				SWIFT_OPTIMIZATION_LEVEL = "-Onone";
			};
			name = Debug;
		};
		708E76DA29005E4D00D23E70 /* Release */ = {
			isa = XCBuildConfiguration;
			buildSettings = {
				ALWAYS_SEARCH_USER_PATHS = NO;
				CLANG_ANALYZER_LOCALIZABILITY_NONLOCALIZED = YES;
				CLANG_ANALYZER_NONNULL = YES;
				CLANG_ANALYZER_NUMBER_OBJECT_CONVERSION = YES_AGGRESSIVE;
				CLANG_CXX_LANGUAGE_STANDARD = "gnu++20";
				CLANG_ENABLE_MODULES = YES;
				CLANG_ENABLE_OBJC_ARC = YES;
				CLANG_ENABLE_OBJC_WEAK = YES;
				CLANG_WARN_BLOCK_CAPTURE_AUTORELEASING = YES;
				CLANG_WARN_BOOL_CONVERSION = YES;
				CLANG_WARN_COMMA = YES;
				CLANG_WARN_CONSTANT_CONVERSION = YES;
				CLANG_WARN_DEPRECATED_OBJC_IMPLEMENTATIONS = YES;
				CLANG_WARN_DIRECT_OBJC_ISA_USAGE = YES_ERROR;
				CLANG_WARN_DOCUMENTATION_COMMENTS = YES;
				CLANG_WARN_EMPTY_BODY = YES;
				CLANG_WARN_ENUM_CONVERSION = YES;
				CLANG_WARN_INFINITE_RECURSION = YES;
				CLANG_WARN_INT_CONVERSION = YES;
				CLANG_WARN_NON_LITERAL_NULL_CONVERSION = YES;
				CLANG_WARN_OBJC_IMPLICIT_RETAIN_SELF = YES;
				CLANG_WARN_OBJC_LITERAL_CONVERSION = YES;
				CLANG_WARN_OBJC_ROOT_CLASS = YES_ERROR;
				CLANG_WARN_QUOTED_INCLUDE_IN_FRAMEWORK_HEADER = YES;
				CLANG_WARN_RANGE_LOOP_ANALYSIS = YES;
				CLANG_WARN_STRICT_PROTOTYPES = YES;
				CLANG_WARN_SUSPICIOUS_MOVE = YES;
				CLANG_WARN_UNGUARDED_AVAILABILITY = YES_AGGRESSIVE;
				CLANG_WARN_UNREACHABLE_CODE = YES;
				CLANG_WARN__DUPLICATE_METHOD_MATCH = YES;
				COPY_PHASE_STRIP = NO;
				DEBUG_INFORMATION_FORMAT = "dwarf-with-dsym";
				ENABLE_NS_ASSERTIONS = NO;
				ENABLE_STRICT_OBJC_MSGSEND = YES;
				GCC_C_LANGUAGE_STANDARD = gnu11;
				GCC_NO_COMMON_BLOCKS = YES;
				GCC_WARN_64_TO_32_BIT_CONVERSION = YES;
				GCC_WARN_ABOUT_RETURN_TYPE = YES_ERROR;
				GCC_WARN_UNDECLARED_SELECTOR = YES;
				GCC_WARN_UNINITIALIZED_AUTOS = YES_AGGRESSIVE;
				GCC_WARN_UNUSED_FUNCTION = YES;
				GCC_WARN_UNUSED_VARIABLE = YES;
				IPHONEOS_DEPLOYMENT_TARGET = 16.0;
				MTL_ENABLE_DEBUG_INFO = NO;
				MTL_FAST_MATH = YES;
				SDKROOT = iphoneos;
				SWIFT_COMPILATION_MODE = wholemodule;
				SWIFT_OPTIMIZATION_LEVEL = "-O";
				VALIDATE_PRODUCT = YES;
			};
			name = Release;
		};
		708E76DC29005E4D00D23E70 /* Debug */ = {
			isa = XCBuildConfiguration;
			buildSettings = {
				ASSETCATALOG_COMPILER_APPICON_NAME = AppIcon;
				ASSETCATALOG_COMPILER_GLOBAL_ACCENT_COLOR_NAME = AccentColor;
				CODE_SIGN_STYLE = Automatic;
				CURRENT_PROJECT_VERSION = 1;
				GENERATE_INFOPLIST_FILE = YES;
				INFOPLIST_FILE = "Graal-BMSTU/Info.plist";
				INFOPLIST_KEY_UIApplicationSupportsIndirectInputEvents = YES;
				INFOPLIST_KEY_UILaunchStoryboardName = LaunchScreen;
				INFOPLIST_KEY_UISupportedInterfaceOrientations_iPad = "UIInterfaceOrientationPortrait UIInterfaceOrientationPortraitUpsideDown UIInterfaceOrientationLandscapeLeft UIInterfaceOrientationLandscapeRight";
				INFOPLIST_KEY_UISupportedInterfaceOrientations_iPhone = "UIInterfaceOrientationPortrait UIInterfaceOrientationLandscapeLeft UIInterfaceOrientationLandscapeRight";
				LD_RUNPATH_SEARCH_PATHS = (
					"$(inherited)",
					"@executable_path/Frameworks",
				);
				MARKETING_VERSION = 1.0;
				PRODUCT_BUNDLE_IDENTIFIER = "vk-edu.2022.ios4.Graal-BMSTU";
				PRODUCT_NAME = "$(TARGET_NAME)";
				SWIFT_EMIT_LOC_STRINGS = YES;
				SWIFT_VERSION = 5.0;
				TARGETED_DEVICE_FAMILY = "1,2";
			};
			name = Debug;
		};
		708E76DD29005E4D00D23E70 /* Release */ = {
			isa = XCBuildConfiguration;
			buildSettings = {
				ASSETCATALOG_COMPILER_APPICON_NAME = AppIcon;
				ASSETCATALOG_COMPILER_GLOBAL_ACCENT_COLOR_NAME = AccentColor;
				CODE_SIGN_STYLE = Automatic;
				CURRENT_PROJECT_VERSION = 1;
				GENERATE_INFOPLIST_FILE = YES;
				INFOPLIST_FILE = "Graal-BMSTU/Info.plist";
				INFOPLIST_KEY_UIApplicationSupportsIndirectInputEvents = YES;
				INFOPLIST_KEY_UILaunchStoryboardName = LaunchScreen;
				INFOPLIST_KEY_UISupportedInterfaceOrientations_iPad = "UIInterfaceOrientationPortrait UIInterfaceOrientationPortraitUpsideDown UIInterfaceOrientationLandscapeLeft UIInterfaceOrientationLandscapeRight";
				INFOPLIST_KEY_UISupportedInterfaceOrientations_iPhone = "UIInterfaceOrientationPortrait UIInterfaceOrientationLandscapeLeft UIInterfaceOrientationLandscapeRight";
				LD_RUNPATH_SEARCH_PATHS = (
					"$(inherited)",
					"@executable_path/Frameworks",
				);
				MARKETING_VERSION = 1.0;
				PRODUCT_BUNDLE_IDENTIFIER = "vk-edu.2022.ios4.Graal-BMSTU";
				PRODUCT_NAME = "$(TARGET_NAME)";
				SWIFT_EMIT_LOC_STRINGS = YES;
				SWIFT_VERSION = 5.0;
				TARGETED_DEVICE_FAMILY = "1,2";
			};
			name = Release;
		};
/* End XCBuildConfiguration section */

/* Begin XCConfigurationList section */
		708E76C229005E4A00D23E70 /* Build configuration list for PBXProject "Graal-BMSTU" */ = {
			isa = XCConfigurationList;
			buildConfigurations = (
				708E76D929005E4D00D23E70 /* Debug */,
				708E76DA29005E4D00D23E70 /* Release */,
			);
			defaultConfigurationIsVisible = 0;
			defaultConfigurationName = Release;
		};
		708E76DB29005E4D00D23E70 /* Build configuration list for PBXNativeTarget "Graal-BMSTU" */ = {
			isa = XCConfigurationList;
			buildConfigurations = (
				708E76DC29005E4D00D23E70 /* Debug */,
				708E76DD29005E4D00D23E70 /* Release */,
			);
			defaultConfigurationIsVisible = 0;
			defaultConfigurationName = Release;
		};
/* End XCConfigurationList section */

/* Begin XCRemoteSwiftPackageReference section */
		7092B9BD291C447F000D8D3C /* XCRemoteSwiftPackageReference "R.swift" */ = {
			isa = XCRemoteSwiftPackageReference;
			repositoryURL = "https://github.com/mac-cain13/R.swift.Library";
			requirement = {
				branch = master;
				kind = branch;
			};
		};
		70F653AD2915F3DC0024EA1D /* XCRemoteSwiftPackageReference "SnapKit" */ = {
			isa = XCRemoteSwiftPackageReference;
			repositoryURL = "https://github.com/SnapKit/SnapKit";
			requirement = {
				kind = upToNextMajorVersion;
				minimumVersion = 5.0.0;
			};
		};
/* End XCRemoteSwiftPackageReference section */

/* Begin XCSwiftPackageProductDependency section */
		7092B9BE291C447F000D8D3C /* Rswift */ = {
			isa = XCSwiftPackageProductDependency;
			package = 7092B9BD291C447F000D8D3C /* XCRemoteSwiftPackageReference "R.swift" */;
			productName = Rswift;
		};
		70F653AE2915F3DC0024EA1D /* SnapKit */ = {
			isa = XCSwiftPackageProductDependency;
			package = 70F653AD2915F3DC0024EA1D /* XCRemoteSwiftPackageReference "SnapKit" */;
			productName = SnapKit;
		};
/* End XCSwiftPackageProductDependency section */
	};
	rootObject = 708E76BF29005E4A00D23E70 /* Project object */;
}
