<?xml version="1.0" encoding="UTF-8"?>
<Scheme
   version = "1.3">
   <BuildAction>
      <BuildActionEntries>
         <BuildActionEntry
            buildForRunning = "YES">
            <BuildableReference
               BuildableIdentifier = "primary"
               BlueprintIdentifier = "708E76C629005E4A00D23E70"
               BuildableName = "Graal-BMSTU.app"
               BlueprintName = "Graal-BMSTU"
               ReferencedContainer = "container:Graal-BMSTU.xcodeproj">
            </BuildableReference>
         </BuildActionEntry>
      </BuildActionEntries>
   </BuildAction>
   <LaunchAction
      useCustomWorkingDirectory = "NO"
      buildConfiguration = "Debug"
      allowLocationSimulation = "YES">
      <BuildableProductRunnable>
         <BuildableReference
            BuildableIdentifier = "primary"
            BlueprintIdentifier = "708E76C629005E4A00D23E70"
            BuildableName = "Graal-BMSTU.app"
            BlueprintName = "Graal-BMSTU"
            ReferencedContainer = "container:Graal-BMSTU.xcodeproj">
         </BuildableReference>
      </BuildableProductRunnable>
   </LaunchAction>
</Scheme>
